// !$*UTF8*$!
{
	archiveVersion = 1;
	classes = {
	};
	objectVersion = 77;
	objects = {

/* Begin PBXBuildFile section */
		05E9FEF2A09F4F60BD0F50C8 /* SchedulingEngineTests.swift in Sources */ = {isa = PBXBuildFile; fileRef = DA5013E3FBE3449FA3A0C911 /* SchedulingEngineTests.swift */; };
		11C9C180B9449F181FC4A6EA /* Foundation.framework in Frameworks */ = {isa = PBXBuildFile; fileRef = 1FE8D30E50874F1CFBC6C2DA /* Foundation.framework */; };
		5020DD4813CD545554230040 /* OpenFoodFactsServiceTests.swift in Sources */ = {isa = PBXBuildFile; fileRef = 09BD699B348D80CB6806E2B9 /* OpenFoodFactsServiceTests.swift */; };
		69161A13195235691F23449B /* PantryDeductionServiceTests.swift in Sources */ = {isa = PBXBuildFile; fileRef = DACE29CB1AB1502A34BCD4F0 /* PantryDeductionServiceTests.swift */; };
		6B282F81F54E6AE9014E0FE8 /* RecipeIngredientParserTests.swift in Sources */ = {isa = PBXBuildFile; fileRef = 8CEFFCE3E6ACC74FC7D7BF6A /* RecipeIngredientParserTests.swift */; };
		7CC5EBE6035848FA82FDB754 /* FakeCalendarService.swift in Sources */ = {isa = PBXBuildFile; fileRef = 0445FFD6E3084A6D9EF502B1 /* FakeCalendarService.swift */; };
		9E6F11BB107A4A089B67FD31 /* HabitRollingStatsTests.swift in Sources */ = {isa = PBXBuildFile; fileRef = A3F965C18B2385814DF25BDD /* HabitRollingStatsTests.swift */; };
		A85A179B079F60FD5A4043E9 /* MealSuggestionServiceTests.swift in Sources */ = {isa = PBXBuildFile; fileRef = 1EEEA0F8829F20DBDC58BF32 /* MealSuggestionServiceTests.swift */; };
		AC5AC49498EDDFFFE2E161D4 /* ReceiptLineParserTests.swift in Sources */ = {isa = PBXBuildFile; fileRef = 99D88D01BE7CD604EA3CD89C /* ReceiptLineParserTests.swift */; };
		2C80DBC957734506B79F9684 /* RecurringTaskReviewTests.swift in Sources */ = {isa = PBXBuildFile; fileRef = 90FF46E7544F4142BA6ABA3C /* RecurringTaskReviewTests.swift */; };
		C015AEC05C814224B6F0D1B7 /* NightlyReviewAutoSkipTests.swift in Sources */ = {isa = PBXBuildFile; fileRef = CC96AD75D7A2490F81BD3A53 /* NightlyReviewAutoSkipTests.swift */; };
		97616388B0D04F1F820558EF /* InboxEngagementTests.swift in Sources */ = {isa = PBXBuildFile; fileRef = 74CEE89CD17D4C3CBEEC9EA8 /* InboxEngagementTests.swift */; };
/* End PBXBuildFile section */

/* Begin PBXContainerItemProxy section */
		534B9879D69E4AF8875A0FD4 /* PBXContainerItemProxy */ = {
			isa = PBXContainerItemProxy;
			containerPortal = 44CB434C301D3EC300B83C83 /* Project object */;
			proxyType = 1;
			remoteGlobalIDString = 44CB4353301D3EC300B83C83;
			remoteInfo = NoteForLater;
		};
/* End PBXContainerItemProxy section */

/* Begin PBXFileReference section */
		0445FFD6E3084A6D9EF502B1 /* FakeCalendarService.swift */ = {isa = PBXFileReference; includeInIndex = 1; lastKnownFileType = sourcecode.swift; path = FakeCalendarService.swift; sourceTree = "<group>"; };
		09BD699B348D80CB6806E2B9 /* OpenFoodFactsServiceTests.swift */ = {isa = PBXFileReference; includeInIndex = 1; lastKnownFileType = sourcecode.swift; path = OpenFoodFactsServiceTests.swift; sourceTree = "<group>"; };
		1EEEA0F8829F20DBDC58BF32 /* MealSuggestionServiceTests.swift */ = {isa = PBXFileReference; includeInIndex = 1; lastKnownFileType = sourcecode.swift; path = MealSuggestionServiceTests.swift; sourceTree = "<group>"; };
		1FE8D30E50874F1CFBC6C2DA /* Foundation.framework */ = {isa = PBXFileReference; lastKnownFileType = wrapper.framework; name = Foundation.framework; path = Platforms/iPhoneOS.platform/Developer/SDKs/iPhoneOS26.0.sdk/System/Library/Frameworks/Foundation.framework; sourceTree = DEVELOPER_DIR; };
		356652DFD867DA051EA36E9A /* NoteForLaterTests.xctest */ = {isa = PBXFileReference; explicitFileType = wrapper.cfbundle; includeInIndex = 0; path = NoteForLaterTests.xctest; sourceTree = BUILT_PRODUCTS_DIR; };
		44CB4354301D3EC300B83C83 /* NoteForLater.app */ = {isa = PBXFileReference; explicitFileType = wrapper.application; includeInIndex = 0; path = NoteForLater.app; sourceTree = BUILT_PRODUCTS_DIR; };
		8CEFFCE3E6ACC74FC7D7BF6A /* RecipeIngredientParserTests.swift */ = {isa = PBXFileReference; includeInIndex = 1; lastKnownFileType = sourcecode.swift; path = RecipeIngredientParserTests.swift; sourceTree = "<group>"; };
		99D88D01BE7CD604EA3CD89C /* ReceiptLineParserTests.swift */ = {isa = PBXFileReference; includeInIndex = 1; lastKnownFileType = sourcecode.swift; path = ReceiptLineParserTests.swift; sourceTree = "<group>"; };
		A3F965C18B2385814DF25BDD /* HabitRollingStatsTests.swift */ = {isa = PBXFileReference; includeInIndex = 1; lastKnownFileType = sourcecode.swift; path = HabitRollingStatsTests.swift; sourceTree = "<group>"; };
		DA5013E3FBE3449FA3A0C911 /* SchedulingEngineTests.swift */ = {isa = PBXFileReference; includeInIndex = 1; lastKnownFileType = sourcecode.swift; path = SchedulingEngineTests.swift; sourceTree = "<group>"; };
		DACE29CB1AB1502A34BCD4F0 /* PantryDeductionServiceTests.swift */ = {isa = PBXFileReference; includeInIndex = 1; lastKnownFileType = sourcecode.swift; path = PantryDeductionServiceTests.swift; sourceTree = "<group>"; };
		90FF46E7544F4142BA6ABA3C /* RecurringTaskReviewTests.swift */ = {isa = PBXFileReference; includeInIndex = 1; lastKnownFileType = sourcecode.swift; path = RecurringTaskReviewTests.swift; sourceTree = "<group>"; };
		CC96AD75D7A2490F81BD3A53 /* NightlyReviewAutoSkipTests.swift */ = {isa = PBXFileReference; includeInIndex = 1; lastKnownFileType = sourcecode.swift; path = NightlyReviewAutoSkipTests.swift; sourceTree = "<group>"; };
		74CEE89CD17D4C3CBEEC9EA8 /* InboxEngagementTests.swift */ = {isa = PBXFileReference; includeInIndex = 1; lastKnownFileType = sourcecode.swift; path = InboxEngagementTests.swift; sourceTree = "<group>"; };
/* End PBXFileReference section */

/* Begin PBXFileSystemSynchronizedRootGroup section */
		44CB4356301D3EC300B83C83 /* NoteForLater */ = {
			isa = PBXFileSystemSynchronizedRootGroup;
			exceptions = (
			);
			path = NoteForLater;
			sourceTree = "<group>";
		};
/* End PBXFileSystemSynchronizedRootGroup section */

/* Begin PBXFrameworksBuildPhase section */
		44CB4351301D3EC300B83C83 /* Frameworks */ = {
			isa = PBXFrameworksBuildPhase;
			buildActionMask = 2147483647;
			files = (
			);
			runOnlyForDeploymentPostprocessing = 0;
		};
		7DFA3626FD00BAC28E0AF10B /* Frameworks */ = {
			isa = PBXFrameworksBuildPhase;
			buildActionMask = 2147483647;
			files = (
				11C9C180B9449F181FC4A6EA /* Foundation.framework in Frameworks */,
			);
			runOnlyForDeploymentPostprocessing = 0;
		};
/* End PBXFrameworksBuildPhase section */

/* Begin PBXGroup section */
		44CB434B301D3EC300B83C83 = {
			isa = PBXGroup;
			children = (
				44CB4356301D3EC300B83C83 /* NoteForLater */,
				44CB4355301D3EC300B83C83 /* Products */,
				BA83810D3B127A2E86DD20FF /* Frameworks */,
				5C66D286E9B1DF57237CC39D /* NoteForLaterTests */,
			);
			sourceTree = "<group>";
		};
		44CB4355301D3EC300B83C83 /* Products */ = {
			isa = PBXGroup;
			children = (
				44CB4354301D3EC300B83C83 /* NoteForLater.app */,
				356652DFD867DA051EA36E9A /* NoteForLaterTests.xctest */,
			);
			name = Products;
			sourceTree = "<group>";
		};
		5C66D286E9B1DF57237CC39D /* NoteForLaterTests */ = {
			isa = PBXGroup;
			children = (
				A3F965C18B2385814DF25BDD /* HabitRollingStatsTests.swift */,
				99D88D01BE7CD604EA3CD89C /* ReceiptLineParserTests.swift */,
				0445FFD6E3084A6D9EF502B1 /* FakeCalendarService.swift */,
				DA5013E3FBE3449FA3A0C911 /* SchedulingEngineTests.swift */,
				09BD699B348D80CB6806E2B9 /* OpenFoodFactsServiceTests.swift */,
				1EEEA0F8829F20DBDC58BF32 /* MealSuggestionServiceTests.swift */,
				8CEFFCE3E6ACC74FC7D7BF6A /* RecipeIngredientParserTests.swift */,
				DACE29CB1AB1502A34BCD4F0 /* PantryDeductionServiceTests.swift */,
				90FF46E7544F4142BA6ABA3C /* RecurringTaskReviewTests.swift */,
				CC96AD75D7A2490F81BD3A53 /* NightlyReviewAutoSkipTests.swift */,
				74CEE89CD17D4C3CBEEC9EA8 /* InboxEngagementTests.swift */,
			);
			path = NoteForLaterTests;
			sourceTree = "<group>";
		};
		BA83810D3B127A2E86DD20FF /* Frameworks */ = {
			isa = PBXGroup;
			children = (
				E3C1C6F43E43BC28E8E2451A /* iOS */,
			);
			name = Frameworks;
			sourceTree = "<group>";
		};
		E3C1C6F43E43BC28E8E2451A /* iOS */ = {
			isa = PBXGroup;
			children = (
				1FE8D30E50874F1CFBC6C2DA /* Foundation.framework */,
			);
			name = iOS;
			sourceTree = "<group>";
		};
/* End PBXGroup section */

/* Begin PBXNativeTarget section */
		0D1C205E2E57CE5ECC057F4A /* NoteForLaterTests */ = {
			isa = PBXNativeTarget;
			buildConfigurationList = E511C840FA1FA1BD895794C4 /* Build configuration list for PBXNativeTarget "NoteForLaterTests" */;
			buildPhases = (
				6AA6DE8AEB78D1682CA3F3CC /* Sources */,
				7DFA3626FD00BAC28E0AF10B /* Frameworks */,
				A6C327355E76E5989F9596E7 /* Resources */,
			);
			buildRules = (
			);
			dependencies = (
				735F2286A00D241B22F77DD7 /* PBXTargetDependency */,
			);
			name = NoteForLaterTests;
			productName = NoteForLaterTests;
			productReference = 356652DFD867DA051EA36E9A /* NoteForLaterTests.xctest */;
			productType = "com.apple.product-type.bundle.unit-test";
		};
		44CB4353301D3EC300B83C83 /* NoteForLater */ = {
			isa = PBXNativeTarget;
			buildConfigurationList = 44CB435F301D3EC400B83C83 /* Build configuration list for PBXNativeTarget "NoteForLater" */;
			buildPhases = (
				44CB4350301D3EC300B83C83 /* Sources */,
				44CB4351301D3EC300B83C83 /* Frameworks */,
				44CB4352301D3EC300B83C83 /* Resources */,
			);
			buildRules = (
			);
			dependencies = (
			);
			fileSystemSynchronizedGroups = (
				44CB4356301D3EC300B83C83 /* NoteForLater */,
			);
			name = NoteForLater;
			productName = NoteForLater;
			productReference = 44CB4354301D3EC300B83C83 /* NoteForLater.app */;
			productType = "com.apple.product-type.application";
		};
/* End PBXNativeTarget section */

/* Begin PBXProject section */
		44CB434C301D3EC300B83C83 /* Project object */ = {
			isa = PBXProject;
			attributes = {
				BuildIndependentTargetsInParallel = 1;
				LastSwiftUpdateCheck = 2610;
				LastUpgradeCheck = 2610;
				TargetAttributes = {
					44CB4353301D3EC300B83C83 = {
						CreatedOnToolsVersion = 26.1.1;
					};
				};
			};
			buildConfigurationList = 44CB434F301D3EC300B83C83 /* Build configuration list for PBXProject "NoteForLater" */;
			developmentRegion = en;
			hasScannedForEncodings = 0;
			knownRegions = (
				en,
				Base,
			);
			mainGroup = 44CB434B301D3EC300B83C83;
			minimizedProjectReferenceProxies = 1;
			preferredProjectObjectVersion = 77;
			productRefGroup = 44CB4355301D3EC300B83C83 /* Products */;
			projectDirPath = "";
			projectRoot = "";
			targets = (
				44CB4353301D3EC300B83C83 /* NoteForLater */,
				0D1C205E2E57CE5ECC057F4A /* NoteForLaterTests */,
			);
		};
/* End PBXProject section */

/* Begin PBXResourcesBuildPhase section */
		44CB4352301D3EC300B83C83 /* Resources */ = {
			isa = PBXResourcesBuildPhase;
			buildActionMask = 2147483647;
			files = (
			);
			runOnlyForDeploymentPostprocessing = 0;
		};
		A6C327355E76E5989F9596E7 /* Resources */ = {
			isa = PBXResourcesBuildPhase;
			buildActionMask = 2147483647;
			files = (
			);
			runOnlyForDeploymentPostprocessing = 0;
		};
/* End PBXResourcesBuildPhase section */

/* Begin PBXSourcesBuildPhase section */
		44CB4350301D3EC300B83C83 /* Sources */ = {
			isa = PBXSourcesBuildPhase;
			buildActionMask = 2147483647;
			files = (
			);
			runOnlyForDeploymentPostprocessing = 0;
		};
		6AA6DE8AEB78D1682CA3F3CC /* Sources */ = {
			isa = PBXSourcesBuildPhase;
			buildActionMask = 2147483647;
			files = (
				9E6F11BB107A4A089B67FD31 /* HabitRollingStatsTests.swift in Sources */,
				AC5AC49498EDDFFFE2E161D4 /* ReceiptLineParserTests.swift in Sources */,
				7CC5EBE6035848FA82FDB754 /* FakeCalendarService.swift in Sources */,
				05E9FEF2A09F4F60BD0F50C8 /* SchedulingEngineTests.swift in Sources */,
				5020DD4813CD545554230040 /* OpenFoodFactsServiceTests.swift in Sources */,
				A85A179B079F60FD5A4043E9 /* MealSuggestionServiceTests.swift in Sources */,
				6B282F81F54E6AE9014E0FE8 /* RecipeIngredientParserTests.swift in Sources */,
				69161A13195235691F23449B /* PantryDeductionServiceTests.swift in Sources */,
				2C80DBC957734506B79F9684 /* RecurringTaskReviewTests.swift in Sources */,
				C015AEC05C814224B6F0D1B7 /* NightlyReviewAutoSkipTests.swift in Sources */,
				97616388B0D04F1F820558EF /* InboxEngagementTests.swift in Sources */,
			);
			runOnlyForDeploymentPostprocessing = 0;
		};
/* End PBXSourcesBuildPhase section */

/* Begin PBXTargetDependency section */
		735F2286A00D241B22F77DD7 /* PBXTargetDependency */ = {
			isa = PBXTargetDependency;
			name = NoteForLater;
			target = 44CB4353301D3EC300B83C83 /* NoteForLater */;
			targetProxy = 534B9879D69E4AF8875A0FD4 /* PBXContainerItemProxy */;
		};
/* End PBXTargetDependency section */

/* Begin XCBuildConfiguration section */
		44CB435D301D3EC400B83C83 /* Debug */ = {
			isa = XCBuildConfiguration;
			buildSettings = {
				ALWAYS_SEARCH_USER_PATHS = NO;
				ASSETCATALOG_COMPILER_GENERATE_SWIFT_ASSET_SYMBOL_EXTENSIONS = YES;
				CLANG_ANALYZER_NONNULL = YES;
				CLANG_ANALYZER_NUMBER_OBJECT_CONVERSION = YES_AGGRESSIVE;
				CLANG_CXX_LANGUAGE_STANDARD = "gnu++20";
				CLANG_ENABLE_MODULES = YES;
				CLANG_ENABLE_OBJC_ARC = YES;
				CLANG_ENABLE_OBJC_WEAK = YES;
				CLANG_WARN_BLOCK_CAPTURE_AUTORELEASING = YES;
				CLANG_WARN_BOOL_CONVERSION = YES;
				CLANG_WARN_COMMA = YES;
				CLANG_WARN_CONSTANT_CONVERSION = YES;
				CLANG_WARN_DEPRECATED_OBJC_IMPLEMENTATIONS = YES;
				CLANG_WARN_DIRECT_OBJC_ISA_USAGE = YES_ERROR;
				CLANG_WARN_DOCUMENTATION_COMMENTS = YES;
				CLANG_WARN_EMPTY_BODY = YES;
				CLANG_WARN_ENUM_CONVERSION = YES;
				CLANG_WARN_INFINITE_RECURSION = YES;
				CLANG_WARN_INT_CONVERSION = YES;
				CLANG_WARN_NON_LITERAL_NULL_CONVERSION = YES;
				CLANG_WARN_OBJC_IMPLICIT_RETAIN_SELF = YES;
				CLANG_WARN_OBJC_LITERAL_CONVERSION = YES;
				CLANG_WARN_OBJC_ROOT_CLASS = YES_ERROR;
				CLANG_WARN_QUOTED_INCLUDE_IN_FRAMEWORK_HEADER = YES;
				CLANG_WARN_RANGE_LOOP_ANALYSIS = YES;
				CLANG_WARN_STRICT_PROTOTYPES = YES;
				CLANG_WARN_SUSPICIOUS_MOVE = YES;
				CLANG_WARN_UNGUARDED_AVAILABILITY = YES_AGGRESSIVE;
				CLANG_WARN_UNREACHABLE_CODE = YES;
				CLANG_WARN__DUPLICATE_METHOD_MATCH = YES;
				COPY_PHASE_STRIP = NO;
				DEBUG_INFORMATION_FORMAT = dwarf;
				DEVELOPMENT_TEAM = QJ4HB93XZ8;
				ENABLE_STRICT_OBJC_MSGSEND = YES;
				ENABLE_TESTABILITY = YES;
				ENABLE_USER_SCRIPT_SANDBOXING = YES;
				GCC_C_LANGUAGE_STANDARD = gnu17;
				GCC_DYNAMIC_NO_PIC = NO;
				GCC_NO_COMMON_BLOCKS = YES;
				GCC_OPTIMIZATION_LEVEL = 0;
				GCC_PREPROCESSOR_DEFINITIONS = (
					"DEBUG=1",
					"$(inherited)",
				);
				GCC_WARN_64_TO_32_BIT_CONVERSION = YES;
				GCC_WARN_ABOUT_RETURN_TYPE = YES_ERROR;
				GCC_WARN_UNDECLARED_SELECTOR = YES;
				GCC_WARN_UNINITIALIZED_AUTOS = YES_AGGRESSIVE;
				GCC_WARN_UNUSED_FUNCTION = YES;
				GCC_WARN_UNUSED_VARIABLE = YES;
				IPHONEOS_DEPLOYMENT_TARGET = 26.1;
				LOCALIZATION_PREFERS_STRING_CATALOGS = YES;
				MTL_ENABLE_DEBUG_INFO = INCLUDE_SOURCE;
				MTL_FAST_MATH = YES;
				ONLY_ACTIVE_ARCH = YES;
				SDKROOT = iphoneos;
				SWIFT_ACTIVE_COMPILATION_CONDITIONS = "DEBUG $(inherited)";
				SWIFT_OPTIMIZATION_LEVEL = "-Onone";
			};
			name = Debug;
		};
		44CB435E301D3EC400B83C83 /* Release */ = {
			isa = XCBuildConfiguration;
			buildSettings = {
				ALWAYS_SEARCH_USER_PATHS = NO;
				ASSETCATALOG_COMPILER_GENERATE_SWIFT_ASSET_SYMBOL_EXTENSIONS = YES;
				CLANG_ANALYZER_NONNULL = YES;
				CLANG_ANALYZER_NUMBER_OBJECT_CONVERSION = YES_AGGRESSIVE;
				CLANG_CXX_LANGUAGE_STANDARD = "gnu++20";
				CLANG_ENABLE_MODULES = YES;
				CLANG_ENABLE_OBJC_ARC = YES;
				CLANG_ENABLE_OBJC_WEAK = YES;
				CLANG_WARN_BLOCK_CAPTURE_AUTORELEASING = YES;
				CLANG_WARN_BOOL_CONVERSION = YES;
				CLANG_WARN_COMMA = YES;
				CLANG_WARN_CONSTANT_CONVERSION = YES;
				CLANG_WARN_DEPRECATED_OBJC_IMPLEMENTATIONS = YES;
				CLANG_WARN_DIRECT_OBJC_ISA_USAGE = YES_ERROR;
				CLANG_WARN_DOCUMENTATION_COMMENTS = YES;
				CLANG_WARN_EMPTY_BODY = YES;
				CLANG_WARN_ENUM_CONVERSION = YES;
				CLANG_WARN_INFINITE_RECURSION = YES;
				CLANG_WARN_INT_CONVERSION = YES;
				CLANG_WARN_NON_LITERAL_NULL_CONVERSION = YES;
				CLANG_WARN_OBJC_IMPLICIT_RETAIN_SELF = YES;
				CLANG_WARN_OBJC_LITERAL_CONVERSION = YES;
				CLANG_WARN_OBJC_ROOT_CLASS = YES_ERROR;
				CLANG_WARN_QUOTED_INCLUDE_IN_FRAMEWORK_HEADER = YES;
				CLANG_WARN_RANGE_LOOP_ANALYSIS = YES;
				CLANG_WARN_STRICT_PROTOTYPES = YES;
				CLANG_WARN_SUSPICIOUS_MOVE = YES;
				CLANG_WARN_UNGUARDED_AVAILABILITY = YES_AGGRESSIVE;
				CLANG_WARN_UNREACHABLE_CODE = YES;
				CLANG_WARN__DUPLICATE_METHOD_MATCH = YES;
				COPY_PHASE_STRIP = NO;
				DEBUG_INFORMATION_FORMAT = "dwarf-with-dsym";
				DEVELOPMENT_TEAM = QJ4HB93XZ8;
				ENABLE_NS_ASSERTIONS = NO;
				ENABLE_STRICT_OBJC_MSGSEND = YES;
				ENABLE_USER_SCRIPT_SANDBOXING = YES;
				GCC_C_LANGUAGE_STANDARD = gnu17;
				GCC_NO_COMMON_BLOCKS = YES;
				GCC_WARN_64_TO_32_BIT_CONVERSION = YES;
				GCC_WARN_ABOUT_RETURN_TYPE = YES_ERROR;
				GCC_WARN_UNDECLARED_SELECTOR = YES;
				GCC_WARN_UNINITIALIZED_AUTOS = YES_AGGRESSIVE;
				GCC_WARN_UNUSED_FUNCTION = YES;
				GCC_WARN_UNUSED_VARIABLE = YES;
				IPHONEOS_DEPLOYMENT_TARGET = 26.1;
				LOCALIZATION_PREFERS_STRING_CATALOGS = YES;
				MTL_ENABLE_DEBUG_INFO = NO;
				MTL_FAST_MATH = YES;
				SDKROOT = iphoneos;
				SWIFT_COMPILATION_MODE = wholemodule;
				VALIDATE_PRODUCT = YES;
			};
			name = Release;
		};
		44CB4360301D3EC400B83C83 /* Debug */ = {
			isa = XCBuildConfiguration;
			buildSettings = {
				ASSETCATALOG_COMPILER_APPICON_NAME = AppIcon;
				ASSETCATALOG_COMPILER_GLOBAL_ACCENT_COLOR_NAME = AccentColor;
				CODE_SIGN_STYLE = Automatic;
				CURRENT_PROJECT_VERSION = 1;
				DEVELOPMENT_TEAM = QJ4HB93XZ8;
				ENABLE_PREVIEWS = YES;
				GENERATE_INFOPLIST_FILE = YES;
				INFOPLIST_KEY_CFBundleDisplayName = Nightcap;
				INFOPLIST_KEY_NSCameraUsageDescription = "Used to scan grocery receipts and barcodes so ingredients can be added to your Pantry shelf.";
				INFOPLIST_KEY_NSLocationAlwaysAndWhenInUseUsageDescription = "Used to notify you when you're near a location tagged on a task.";
				INFOPLIST_KEY_NSLocationWhenInUseUsageDescription = "Used to notify you when you're near a location tagged on a task.";
				INFOPLIST_KEY_NSMicrophoneUsageDescription = "Used to capture voice notes in the Inbox.";
				INFOPLIST_KEY_NSSpeechRecognitionUsageDescription = "Used to transcribe voice notes in the Inbox.";
				INFOPLIST_KEY_UIApplicationSceneManifest_Generation = YES;
				INFOPLIST_KEY_UIApplicationSupportsIndirectInputEvents = YES;
				INFOPLIST_KEY_UILaunchScreen_Generation = YES;
				INFOPLIST_KEY_UISupportedInterfaceOrientations_iPad = "UIInterfaceOrientationPortrait UIInterfaceOrientationPortraitUpsideDown UIInterfaceOrientationLandscapeLeft UIInterfaceOrientationLandscapeRight";
				INFOPLIST_KEY_UISupportedInterfaceOrientations_iPhone = "UIInterfaceOrientationPortrait UIInterfaceOrientationLandscapeLeft UIInterfaceOrientationLandscapeRight";
				LD_RUNPATH_SEARCH_PATHS = (
					"$(inherited)",
					"@executable_path/Frameworks",
				);
				MARKETING_VERSION = 1.0;
				PRODUCT_BUNDLE_IDENTIFIER = com.jimbo.NoteForLater;
				PRODUCT_NAME = "$(TARGET_NAME)";
				STRING_CATALOG_GENERATE_SYMBOLS = YES;
				SWIFT_APPROACHABLE_CONCURRENCY = YES;
				SWIFT_DEFAULT_ACTOR_ISOLATION = MainActor;
				SWIFT_EMIT_LOC_STRINGS = YES;
				SWIFT_UPCOMING_FEATURE_MEMBER_IMPORT_VISIBILITY = YES;
				SWIFT_VERSION = 5.0;
				TARGETED_DEVICE_FAMILY = "1,2";
			};
			name = Debug;
		};
		44CB4361301D3EC400B83C83 /* Release */ = {
			isa = XCBuildConfiguration;
			buildSettings = {
				ASSETCATALOG_COMPILER_APPICON_NAME = AppIcon;
				ASSETCATALOG_COMPILER_GLOBAL_ACCENT_COLOR_NAME = AccentColor;
				CODE_SIGN_STYLE = Automatic;
				CURRENT_PROJECT_VERSION = 1;
				DEVELOPMENT_TEAM = QJ4HB93XZ8;
				ENABLE_PREVIEWS = YES;
				GENERATE_INFOPLIST_FILE = YES;
				INFOPLIST_KEY_CFBundleDisplayName = Nightcap;
				INFOPLIST_KEY_NSCameraUsageDescription = "Used to scan grocery receipts and barcodes so ingredients can be added to your Pantry shelf.";
				INFOPLIST_KEY_NSLocationAlwaysAndWhenInUseUsageDescription = "Used to notify you when you're near a location tagged on a task.";
				INFOPLIST_KEY_NSLocationWhenInUseUsageDescription = "Used to notify you when you're near a location tagged on a task.";
				INFOPLIST_KEY_NSMicrophoneUsageDescription = "Used to capture voice notes in the Inbox.";
				INFOPLIST_KEY_NSSpeechRecognitionUsageDescription = "Used to transcribe voice notes in the Inbox.";
				INFOPLIST_KEY_UIApplicationSceneManifest_Generation = YES;
				INFOPLIST_KEY_UIApplicationSupportsIndirectInputEvents = YES;
				INFOPLIST_KEY_UILaunchScreen_Generation = YES;
				INFOPLIST_KEY_UISupportedInterfaceOrientations_iPad = "UIInterfaceOrientationPortrait UIInterfaceOrientationPortraitUpsideDown UIInterfaceOrientationLandscapeLeft UIInterfaceOrientationLandscapeRight";
				INFOPLIST_KEY_UISupportedInterfaceOrientations_iPhone = "UIInterfaceOrientationPortrait UIInterfaceOrientationLandscapeLeft UIInterfaceOrientationLandscapeRight";
				LD_RUNPATH_SEARCH_PATHS = (
					"$(inherited)",
					"@executable_path/Frameworks",
				);
				MARKETING_VERSION = 1.0;
				PRODUCT_BUNDLE_IDENTIFIER = com.jimbo.NoteForLater;
				PRODUCT_NAME = "$(TARGET_NAME)";
				STRING_CATALOG_GENERATE_SYMBOLS = YES;
				SWIFT_APPROACHABLE_CONCURRENCY = YES;
				SWIFT_DEFAULT_ACTOR_ISOLATION = MainActor;
				SWIFT_EMIT_LOC_STRINGS = YES;
				SWIFT_UPCOMING_FEATURE_MEMBER_IMPORT_VISIBILITY = YES;
				SWIFT_VERSION = 5.0;
				TARGETED_DEVICE_FAMILY = "1,2";
			};
			name = Release;
		};
		D5E55C54AC15365B8D766A7A /* Release */ = {
			isa = XCBuildConfiguration;
			buildSettings = {
				BUNDLE_LOADER = "$(TEST_HOST)";
				CLANG_ENABLE_OBJC_WEAK = NO;
				CODE_SIGN_STYLE = Automatic;
				DEVELOPMENT_TEAM = QJ4HB93XZ8;
				GENERATE_INFOPLIST_FILE = YES;
				IPHONEOS_DEPLOYMENT_TARGET = 26.1;
				PRODUCT_BUNDLE_IDENTIFIER = com.jimbo.NoteForLaterTests;
				PRODUCT_NAME = "$(TARGET_NAME)";
				SDKROOT = iphoneos;
				SWIFT_EMIT_LOC_STRINGS = NO;
				SWIFT_VERSION = 5.0;
				TARGETED_DEVICE_FAMILY = "1,2";
				TEST_HOST = "$(BUILT_PRODUCTS_DIR)/NoteForLater.app/$(BUNDLE_EXECUTABLE_FOLDER_PATH)/NoteForLater";
				VALIDATE_PRODUCT = YES;
			};
			name = Release;
		};
		FCCEA2C01A84661CDD4B7FD5 /* Debug */ = {
			isa = XCBuildConfiguration;
			buildSettings = {
				BUNDLE_LOADER = "$(TEST_HOST)";
				CLANG_ENABLE_OBJC_WEAK = NO;
				CODE_SIGN_STYLE = Automatic;
				DEVELOPMENT_TEAM = QJ4HB93XZ8;
				GENERATE_INFOPLIST_FILE = YES;
				IPHONEOS_DEPLOYMENT_TARGET = 26.1;
				PRODUCT_BUNDLE_IDENTIFIER = com.jimbo.NoteForLaterTests;
				PRODUCT_NAME = "$(TARGET_NAME)";
				SDKROOT = iphoneos;
				SWIFT_EMIT_LOC_STRINGS = NO;
				SWIFT_VERSION = 5.0;
				TARGETED_DEVICE_FAMILY = "1,2";
				TEST_HOST = "$(BUILT_PRODUCTS_DIR)/NoteForLater.app/$(BUNDLE_EXECUTABLE_FOLDER_PATH)/NoteForLater";
			};
			name = Debug;
		};
/* End XCBuildConfiguration section */

/* Begin XCConfigurationList section */
		44CB434F301D3EC300B83C83 /* Build configuration list for PBXProject "NoteForLater" */ = {
			isa = XCConfigurationList;
			buildConfigurations = (
				44CB435D301D3EC400B83C83 /* Debug */,
				44CB435E301D3EC400B83C83 /* Release */,
			);
			defaultConfigurationIsVisible = 0;
			defaultConfigurationName = Release;
		};
		44CB435F301D3EC400B83C83 /* Build configuration list for PBXNativeTarget "NoteForLater" */ = {
			isa = XCConfigurationList;
			buildConfigurations = (
				44CB4360301D3EC400B83C83 /* Debug */,
				44CB4361301D3EC400B83C83 /* Release */,
			);
			defaultConfigurationIsVisible = 0;
			defaultConfigurationName = Release;
		};
		E511C840FA1FA1BD895794C4 /* Build configuration list for PBXNativeTarget "NoteForLaterTests" */ = {
			isa = XCConfigurationList;
			buildConfigurations = (
				D5E55C54AC15365B8D766A7A /* Release */,
				FCCEA2C01A84661CDD4B7FD5 /* Debug */,
			);
			defaultConfigurationIsVisible = 0;
			defaultConfigurationName = Release;
		};
/* End XCConfigurationList section */
	};
	rootObject = 44CB434C301D3EC300B83C83 /* Project object */;
}
